
Microsoft Visual Studio Solution File, Format Version 12.00
# Visual Studio Version 16
VisualStudioVersion = 16.0.31702.278
MinimumVisualStudioVersion = 10.0.40219.1
Project("{FAE04EC0-301F-11D3-BF4B-00C04F79EFBC}") = "Lab4", "Lab4.csproj", "{D1772DDC-0130-4392-9961-AA88E9DBBBF2}"
EndProject
Global
	GlobalSection(SolutionConfigurationPlatforms) = preSolution
		Debug|Any CPU = Debug|Any CPU
		Release|Any CPU = Release|Any CPU
	EndGlobalSection
	GlobalSection(ProjectConfigurationPlatforms) = postSolution
		{D1772DDC-0130-4392-9961-AA88E9DBBBF2}.Debug|Any CPU.ActiveCfg = Debug|Any CPU
		{D1772DDC-0130-4392-9961-AA88E9DBBBF2}.Debug|Any CPU.Build.0 = Debug|Any CPU
		{D1772DDC-0130-4392-9961-AA88E9DBBBF2}.Release|Any CPU.ActiveCfg = Release|Any CPU
		{D1772DDC-0130-4392-9961-AA88E9DBBBF2}.Release|Any CPU.Build.0 = Release|Any CPU
	EndGlobalSection
	GlobalSection(SolutionProperties) = preSolution
		HideSolutionNode = FALSE
	EndGlobalSection
	GlobalSection(ExtensibilityGlobals) = postSolution
		SolutionGuid = {07346C27-BBA9-4EB5-8C12-CF0277E67D1A}
	EndGlobalSection
EndGlobal
